Microsoft Visual Studio Solution File, Format Version 12.00
# Visual Studio Version 17
VisualStudioVersion = 17.5.2.0
MinimumVisualStudioVersion = 10.0.40219.1
Project("{FAE04EC0-301F-11D3-BF4B-00C04F79EFBC}") = "HelloWorldApp", "HelloWorldApp.csproj", "{6E2D93AC-DAC6-5B68-273E-5021BD8867EF}"
EndProject
Global
	GlobalSection(SolutionConfigurationPlatforms) = preSolution
		Debug|Any CPU = Debug|Any CPU
		Release|Any CPU = Release|Any CPU
	EndGlobalSection
	GlobalSection(ProjectConfigurationPlatforms) = postSolution
		{6E2D93AC-DAC6-5B68-273E-5021BD8867EF}.Debug|Any CPU.ActiveCfg = Debug|Any CPU
		{6E2D93AC-DAC6-5B68-273E-5021BD8867EF}.Debug|Any CPU.Build.0 = Debug|Any CPU
		{6E2D93AC-DAC6-5B68-273E-5021BD8867EF}.Release|Any CPU.ActiveCfg = Release|Any CPU
		{6E2D93AC-DAC6-5B68-273E-5021BD8867EF}.Release|Any CPU.Build.0 = Release|Any CPU
	EndGlobalSection
	GlobalSection(SolutionProperties) = preSolution
		HideSolutionNode = FALSE
	EndGlobalSection
	GlobalSection(ExtensibilityGlobals) = postSolution
		SolutionGuid = {CBC743B2-B234-4114-8941-EA015629631C}
	EndGlobalSection
EndGlobal
