
Microsoft Visual Studio Solution File, Format Version 12.00
# Visual Studio Version 17
VisualStudioVersion = 17.5.002.0
MinimumVisualStudioVersion = 10.0.40219.1
Project("{9A19103F-16F7-4668-BE54-9A1E7A4F7556}") = "MyWebApp", "MyWebApp.csproj", "{FC4E4705-C7A6-4555-8120-81631B0A7DB3}"
EndProject
Global
	GlobalSection(SolutionConfigurationPlatforms) = preSolution
		Debug|Any CPU = Debug|Any CPU
		Release|Any CPU = Release|Any CPU
	EndGlobalSection
	GlobalSection(ProjectConfigurationPlatforms) = postSolution
		{FC4E4705-C7A6-4555-8120-81631B0A7DB3}.Debug|Any CPU.ActiveCfg = Debug|Any CPU
		{FC4E4705-C7A6-4555-8120-81631B0A7DB3}.Debug|Any CPU.Build.0 = Debug|Any CPU
		{FC4E4705-C7A6-4555-8120-81631B0A7DB3}.Release|Any CPU.ActiveCfg = Release|Any CPU
		{FC4E4705-C7A6-4555-8120-81631B0A7DB3}.Release|Any CPU.Build.0 = Release|Any CPU
	EndGlobalSection
	GlobalSection(SolutionProperties) = preSolution
		HideSolutionNode = FALSE
	EndGlobalSection
	GlobalSection(ExtensibilityGlobals) = postSolution
		SolutionGuid = {6398A2DF-8A5F-4FAE-8F5A-C2CB81CAF871}
	EndGlobalSection
EndGlobal
